
Microsoft Visual Studio Solution File, Format Version 12.00
# Visual Studio Version 17
VisualStudioVersion = 17.8.34309.116
MinimumVisualStudioVersion = 10.0.40219.1
Project("{FAE04EC0-301F-11D3-BF4B-00C04F79EFBC}") = "Ideal", "Ideal.csproj", "{9FC44495-E989-4094-AFE4-CA1EECA5612E}"
EndProject
Global
	GlobalSection(SolutionConfigurationPlatforms) = preSolution
		Debug|Any CPU = Debug|Any CPU
		Release|Any CPU = Release|Any CPU
	EndGlobalSection
	GlobalSection(ProjectConfigurationPlatforms) = postSolution
		{9FC44495-E989-4094-AFE4-CA1EECA5612E}.Debug|Any CPU.ActiveCfg = Debug|Any CPU
		{9FC44495-E989-4094-AFE4-CA1EECA5612E}.Debug|Any CPU.Build.0 = Debug|Any CPU
		{9FC44495-E989-4094-AFE4-CA1EECA5612E}.Release|Any CPU.ActiveCfg = Release|Any CPU
		{9FC44495-E989-4094-AFE4-CA1EECA5612E}.Release|Any CPU.Build.0 = Release|Any CPU
	EndGlobalSection
	GlobalSection(SolutionProperties) = preSolution
		HideSolutionNode = FALSE
	EndGlobalSection
	GlobalSection(ExtensibilityGlobals) = postSolution
		SolutionGuid = {BCCA0850-0BFF-4633-ACCE-A402E5FA5A51}
	EndGlobalSection
EndGlobal
